// !$*UTF8*$!
{
	archiveVersion = 1;
	classes = {
	};
	objectVersion = 50;
	objects = {

/* Begin PBXBuildFile section */
		814223EE24AA7BF500ABAD5A /* TickCell.swift in Sources */ = {isa = PBXBuildFile; fileRef = 814223ED24AA7BF500ABAD5A /* TickCell.swift */; };
		818AC69524AA577300732913 /* AppDelegate.swift in Sources */ = {isa = PBXBuildFile; fileRef = 818AC69424AA577300732913 /* AppDelegate.swift */; };
		818AC69924AA577300732913 /* PrespectiveTransformViewController.swift in Sources */ = {isa = PBXBuildFile; fileRef = 818AC69824AA577300732913 /* PrespectiveTransformViewController.swift */; };
		818AC69C24AA577300732913 /* Main.storyboard in Resources */ = {isa = PBXBuildFile; fileRef = 818AC69A24AA577300732913 /* Main.storyboard */; };
		818AC69E24AA577700732913 /* Assets.xcassets in Resources */ = {isa = PBXBuildFile; fileRef = 818AC69D24AA577700732913 /* Assets.xcassets */; };
		818AC6A124AA577700732913 /* LaunchScreen.storyboard in Resources */ = {isa = PBXBuildFile; fileRef = 818AC69F24AA577700732913 /* LaunchScreen.storyboard */; };
/* End PBXBuildFile section */

/* Begin PBXFileReference section */
		814223ED24AA7BF500ABAD5A /* TickCell.swift */ = {isa = PBXFileReference; lastKnownFileType = sourcecode.swift; path = TickCell.swift; sourceTree = "<group>"; };
		818AC69124AA577300732913 /* PerspectiveTransformFilters.app */ = {isa = PBXFileReference; explicitFileType = wrapper.application; includeInIndex = 0; path = PerspectiveTransformFilters.app; sourceTree = BUILT_PRODUCTS_DIR; };
		818AC69424AA577300732913 /* AppDelegate.swift */ = {isa = PBXFileReference; lastKnownFileType = sourcecode.swift; path = AppDelegate.swift; sourceTree = "<group>"; };
		818AC69824AA577300732913 /* PrespectiveTransformViewController.swift */ = {isa = PBXFileReference; lastKnownFileType = sourcecode.swift; path = PrespectiveTransformViewController.swift; sourceTree = "<group>"; };
		818AC69B24AA577300732913 /* Base */ = {isa = PBXFileReference; lastKnownFileType = file.storyboard; name = Base; path = Base.lproj/Main.storyboard; sourceTree = "<group>"; };
		818AC69D24AA577700732913 /* Assets.xcassets */ = {isa = PBXFileReference; lastKnownFileType = folder.assetcatalog; path = Assets.xcassets; sourceTree = "<group>"; };
		818AC6A024AA577700732913 /* Base */ = {isa = PBXFileReference; lastKnownFileType = file.storyboard; name = Base; path = Base.lproj/LaunchScreen.storyboard; sourceTree = "<group>"; };
		818AC6A224AA577700732913 /* Info.plist */ = {isa = PBXFileReference; lastKnownFileType = text.plist.xml; path = Info.plist; sourceTree = "<group>"; };
/* End PBXFileReference section */

/* Begin PBXFrameworksBuildPhase section */
		818AC68E24AA577300732913 /* Frameworks */ = {
			isa = PBXFrameworksBuildPhase;
			buildActionMask = 2147483647;
			files = (
			);
			runOnlyForDeploymentPostprocessing = 0;
		};
/* End PBXFrameworksBuildPhase section */

/* Begin PBXGroup section */
		818AC68824AA577300732913 = {
			isa = PBXGroup;
			children = (
				818AC69324AA577300732913 /* PerspectiveTransformFilters */,
				818AC69224AA577300732913 /* Products */,
			);
			sourceTree = "<group>";
		};
		818AC69224AA577300732913 /* Products */ = {
			isa = PBXGroup;
			children = (
				818AC69124AA577300732913 /* PerspectiveTransformFilters.app */,
			);
			name = Products;
			sourceTree = "<group>";
		};
		818AC69324AA577300732913 /* PerspectiveTransformFilters */ = {
			isa = PBXGroup;
			children = (
				818AC69424AA577300732913 /* AppDelegate.swift */,
				818AC69824AA577300732913 /* PrespectiveTransformViewController.swift */,
				814223ED24AA7BF500ABAD5A /* TickCell.swift */,
				818AC69A24AA577300732913 /* Main.storyboard */,
				818AC69F24AA577700732913 /* LaunchScreen.storyboard */,
				818AC69D24AA577700732913 /* Assets.xcassets */,
				818AC6A224AA577700732913 /* Info.plist */,
			);
			path = PerspectiveTransformFilters;
			sourceTree = "<group>";
		};
/* End PBXGroup section */

/* Begin PBXNativeTarget section */
		818AC69024AA577300732913 /* PerspectiveTransformFilters */ = {
			isa = PBXNativeTarget;
			buildConfigurationList = 818AC6A524AA577700732913 /* Build configuration list for PBXNativeTarget "PerspectiveTransformFilters" */;
			buildPhases = (
				818AC68D24AA577300732913 /* Sources */,
				818AC68E24AA577300732913 /* Frameworks */,
				818AC68F24AA577300732913 /* Resources */,
			);
			buildRules = (
			);
			dependencies = (
			);
			name = PerspectiveTransformFilters;
			productName = PerspectiveTransformFilters;
			productReference = 818AC69124AA577300732913 /* PerspectiveTransformFilters.app */;
			productType = "com.apple.product-type.application";
		};
/* End PBXNativeTarget section */

/* Begin PBXProject section */
		818AC68924AA577300732913 /* Project object */ = {
			isa = PBXProject;
			attributes = {
				LastSwiftUpdateCheck = 1150;
				LastUpgradeCheck = 1150;
				ORGANIZATIONNAME = "Coder ACJHP";
				TargetAttributes = {
					818AC69024AA577300732913 = {
						CreatedOnToolsVersion = 11.5;
					};
				};
			};
			buildConfigurationList = 818AC68C24AA577300732913 /* Build configuration list for PBXProject "PerspectiveTransformFilters" */;
			compatibilityVersion = "Xcode 9.3";
			developmentRegion = en;
			hasScannedForEncodings = 0;
			knownRegions = (
				en,
				Base,
			);
			mainGroup = 818AC68824AA577300732913;
			productRefGroup = 818AC69224AA577300732913 /* Products */;
			projectDirPath = "";
			projectRoot = "";
			targets = (
				818AC69024AA577300732913 /* PerspectiveTransformFilters */,
			);
		};
/* End PBXProject section */

/* Begin PBXResourcesBuildPhase section */
		818AC68F24AA577300732913 /* Resources */ = {
			isa = PBXResourcesBuildPhase;
			buildActionMask = 2147483647;
			files = (
				818AC6A124AA577700732913 /* LaunchScreen.storyboard in Resources */,
				818AC69E24AA577700732913 /* Assets.xcassets in Resources */,
				818AC69C24AA577300732913 /* Main.storyboard in Resources */,
			);
			runOnlyForDeploymentPostprocessing = 0;
		};
/* End PBXResourcesBuildPhase section */

/* Begin PBXSourcesBuildPhase section */
		818AC68D24AA577300732913 /* Sources */ = {
			isa = PBXSourcesBuildPhase;
			buildActionMask = 2147483647;
			files = (
				818AC69924AA577300732913 /* PrespectiveTransformViewController.swift in Sources */,
				818AC69524AA577300732913 /* AppDelegate.swift in Sources */,
				814223EE24AA7BF500ABAD5A /* TickCell.swift in Sources */,
			);
			runOnlyForDeploymentPostprocessing = 0;
		};
/* End PBXSourcesBuildPhase section */

/* Begin PBXVariantGroup section */
		818AC69A24AA577300732913 /* Main.storyboard */ = {
			isa = PBXVariantGroup;
			children = (
				818AC69B24AA577300732913 /* Base */,
			);
			name = Main.storyboard;
			sourceTree = "<group>";
		};
		818AC69F24AA577700732913 /* LaunchScreen.storyboard */ = {
			isa = PBXVariantGroup;
			children = (
				818AC6A024AA577700732913 /* Base */,
			);
			name = LaunchScreen.storyboard;
			sourceTree = "<group>";
		};
/* End PBXVariantGroup section */

/* Begin XCBuildConfiguration section */
		818AC6A324AA577700732913 /* Debug */ = {
			isa = XCBuildConfiguration;
			buildSettings = {
				ALWAYS_SEARCH_USER_PATHS = NO;
				CLANG_ANALYZER_NONNULL = YES;
				CLANG_ANALYZER_NUMBER_OBJECT_CONVERSION = YES_AGGRESSIVE;
				CLANG_CXX_LANGUAGE_STANDARD = "gnu++14";
				CLANG_CXX_LIBRARY = "libc++";
				CLANG_ENABLE_MODULES = YES;
				CLANG_ENABLE_OBJC_ARC = YES;
				CLANG_ENABLE_OBJC_WEAK = YES;
				CLANG_WARN_BLOCK_CAPTURE_AUTORELEASING = YES;
				CLANG_WARN_BOOL_CONVERSION = YES;
				CLANG_WARN_COMMA = YES;
				CLANG_WARN_CONSTANT_CONVERSION = YES;
				CLANG_WARN_DEPRECATED_OBJC_IMPLEMENTATIONS = YES;
				CLANG_WARN_DIRECT_OBJC_ISA_USAGE = YES_ERROR;
				CLANG_WARN_DOCUMENTATION_COMMENTS = YES;
				CLANG_WARN_EMPTY_BODY = YES;
				CLANG_WARN_ENUM_CONVERSION = YES;
				CLANG_WARN_INFINITE_RECURSION = YES;
				CLANG_WARN_INT_CONVERSION = YES;
				CLANG_WARN_NON_LITERAL_NULL_CONVERSION = YES;
				CLANG_WARN_OBJC_IMPLICIT_RETAIN_SELF = YES;
				CLANG_WARN_OBJC_LITERAL_CONVERSION = YES;
				CLANG_WARN_OBJC_ROOT_CLASS = YES_ERROR;
				CLANG_WARN_RANGE_LOOP_ANALYSIS = YES;
				CLANG_WARN_STRICT_PROTOTYPES = YES;
				CLANG_WARN_SUSPICIOUS_MOVE = YES;
				CLANG_WARN_UNGUARDED_AVAILABILITY = YES_AGGRESSIVE;
				CLANG_WARN_UNREACHABLE_CODE = YES;
				CLANG_WARN__DUPLICATE_METHOD_MATCH = YES;
				COPY_PHASE_STRIP = NO;
				DEBUG_INFORMATION_FORMAT = dwarf;
				ENABLE_STRICT_OBJC_MSGSEND = YES;
				ENABLE_TESTABILITY = YES;
				GCC_C_LANGUAGE_STANDARD = gnu11;
				GCC_DYNAMIC_NO_PIC = NO;
				GCC_NO_COMMON_BLOCKS = YES;
				GCC_OPTIMIZATION_LEVEL = 0;
				GCC_PREPROCESSOR_DEFINITIONS = (
					"DEBUG=1",
					"$(inherited)",
				);
				GCC_WARN_64_TO_32_BIT_CONVERSION = YES;
				GCC_WARN_ABOUT_RETURN_TYPE = YES_ERROR;
				GCC_WARN_UNDECLARED_SELECTOR = YES;
				GCC_WARN_UNINITIALIZED_AUTOS = YES_AGGRESSIVE;
				GCC_WARN_UNUSED_FUNCTION = YES;
				GCC_WARN_UNUSED_VARIABLE = YES;
				IPHONEOS_DEPLOYMENT_TARGET = 10.0;
				MTL_ENABLE_DEBUG_INFO = INCLUDE_SOURCE;
				MTL_FAST_MATH = YES;
				ONLY_ACTIVE_ARCH = YES;
				SDKROOT = iphoneos;
				SWIFT_ACTIVE_COMPILATION_CONDITIONS = DEBUG;
				SWIFT_OPTIMIZATION_LEVEL = "-Onone";
			};
			name = Debug;
		};
		818AC6A424AA577700732913 /* Release */ = {
			isa = XCBuildConfiguration;
			buildSettings = {
				ALWAYS_SEARCH_USER_PATHS = NO;
				CLANG_ANALYZER_NONNULL = YES;
				CLANG_ANALYZER_NUMBER_OBJECT_CONVERSION = YES_AGGRESSIVE;
				CLANG_CXX_LANGUAGE_STANDARD = "gnu++14";
				CLANG_CXX_LIBRARY = "libc++";
				CLANG_ENABLE_MODULES = YES;
				CLANG_ENABLE_OBJC_ARC = YES;
				CLANG_ENABLE_OBJC_WEAK = YES;
				CLANG_WARN_BLOCK_CAPTURE_AUTORELEASING = YES;
				CLANG_WARN_BOOL_CONVERSION = YES;
				CLANG_WARN_COMMA = YES;
				CLANG_WARN_CONSTANT_CONVERSION = YES;
				CLANG_WARN_DEPRECATED_OBJC_IMPLEMENTATIONS = YES;
				CLANG_WARN_DIRECT_OBJC_ISA_USAGE = YES_ERROR;
				CLANG_WARN_DOCUMENTATION_COMMENTS = YES;
				CLANG_WARN_EMPTY_BODY = YES;
				CLANG_WARN_ENUM_CONVERSION = YES;
				CLANG_WARN_INFINITE_RECURSION = YES;
				CLANG_WARN_INT_CONVERSION = YES;
				CLANG_WARN_NON_LITERAL_NULL_CONVERSION = YES;
				CLANG_WARN_OBJC_IMPLICIT_RETAIN_SELF = YES;
				CLANG_WARN_OBJC_LITERAL_CONVERSION = YES;
				CLANG_WARN_OBJC_ROOT_CLASS = YES_ERROR;
				CLANG_WARN_RANGE_LOOP_ANALYSIS = YES;
				CLANG_WARN_STRICT_PROTOTYPES = YES;
				CLANG_WARN_SUSPICIOUS_MOVE = YES;
				CLANG_WARN_UNGUARDED_AVAILABILITY = YES_AGGRESSIVE;
				CLANG_WARN_UNREACHABLE_CODE = YES;
				CLANG_WARN__DUPLICATE_METHOD_MATCH = YES;
				COPY_PHASE_STRIP = NO;
				DEBUG_INFORMATION_FORMAT = "dwarf-with-dsym";
				ENABLE_NS_ASSERTIONS = NO;
				ENABLE_STRICT_OBJC_MSGSEND = YES;
				GCC_C_LANGUAGE_STANDARD = gnu11;
				GCC_NO_COMMON_BLOCKS = YES;
				GCC_WARN_64_TO_32_BIT_CONVERSION = YES;
				GCC_WARN_ABOUT_RETURN_TYPE = YES_ERROR;
				GCC_WARN_UNDECLARED_SELECTOR = YES;
				GCC_WARN_UNINITIALIZED_AUTOS = YES_AGGRESSIVE;
				GCC_WARN_UNUSED_FUNCTION = YES;
				GCC_WARN_UNUSED_VARIABLE = YES;
				IPHONEOS_DEPLOYMENT_TARGET = 10.0;
				MTL_ENABLE_DEBUG_INFO = NO;
				MTL_FAST_MATH = YES;
				SDKROOT = iphoneos;
				SWIFT_COMPILATION_MODE = wholemodule;
				SWIFT_OPTIMIZATION_LEVEL = "-O";
				VALIDATE_PRODUCT = YES;
			};
			name = Release;
		};
		818AC6A624AA577700732913 /* Debug */ = {
			isa = XCBuildConfiguration;
			buildSettings = {
				ASSETCATALOG_COMPILER_APPICON_NAME = AppIcon;
				CODE_SIGN_STYLE = Automatic;
				DEVELOPMENT_TEAM = N26XM7U465;
				INFOPLIST_FILE = PerspectiveTransformFilters/Info.plist;
				IPHONEOS_DEPLOYMENT_TARGET = 10.0;
				LD_RUNPATH_SEARCH_PATHS = (
					"$(inherited)",
					"@executable_path/Frameworks",
				);
				PRODUCT_BUNDLE_IDENTIFIER = com.coreImage.filtersTest.PerspectiveTransformFilters;
				PRODUCT_NAME = "$(TARGET_NAME)";
				SWIFT_VERSION = 5.0;
				TARGETED_DEVICE_FAMILY = "1,2";
				TVOS_DEPLOYMENT_TARGET = 10.0;
				WATCHOS_DEPLOYMENT_TARGET = 5.0;
			};
			name = Debug;
		};
		818AC6A724AA577700732913 /* Release */ = {
			isa = XCBuildConfiguration;
			buildSettings = {
				ASSETCATALOG_COMPILER_APPICON_NAME = AppIcon;
				CODE_SIGN_STYLE = Automatic;
				DEVELOPMENT_TEAM = N26XM7U465;
				INFOPLIST_FILE = PerspectiveTransformFilters/Info.plist;
				IPHONEOS_DEPLOYMENT_TARGET = 10.0;
				LD_RUNPATH_SEARCH_PATHS = (
					"$(inherited)",
					"@executable_path/Frameworks",
				);
				PRODUCT_BUNDLE_IDENTIFIER = com.coreImage.filtersTest.PerspectiveTransformFilters;
				PRODUCT_NAME = "$(TARGET_NAME)";
				SWIFT_VERSION = 5.0;
				TARGETED_DEVICE_FAMILY = "1,2";
				TVOS_DEPLOYMENT_TARGET = 10.0;
				WATCHOS_DEPLOYMENT_TARGET = 5.0;
			};
			name = Release;
		};
/* End XCBuildConfiguration section */

/* Begin XCConfigurationList section */
		818AC68C24AA577300732913 /* Build configuration list for PBXProject "PerspectiveTransformFilters" */ = {
			isa = XCConfigurationList;
			buildConfigurations = (
				818AC6A324AA577700732913 /* Debug */,
				818AC6A424AA577700732913 /* Release */,
			);
			defaultConfigurationIsVisible = 0;
			defaultConfigurationName = Release;
		};
		818AC6A524AA577700732913 /* Build configuration list for PBXNativeTarget "PerspectiveTransformFilters" */ = {
			isa = XCConfigurationList;
			buildConfigurations = (
				818AC6A624AA577700732913 /* Debug */,
				818AC6A724AA577700732913 /* Release */,
			);
			defaultConfigurationIsVisible = 0;
			defaultConfigurationName = Release;
		};
/* End XCConfigurationList section */
	};
	rootObject = 818AC68924AA577300732913 /* Project object */;
}
